# unbloat-ed — upstream skills pin
#
# Matt Pocock's skills are NOT vendored into this repo. This file is the only
# record of which version we use. install-claude.sh / install-agy.sh clone the
# upstream repo into .cache/ (gitignored), check out this exact commit, and
# symlink the skills named in skills.list.
#
# Bump the pin with ./update-skills.sh — do not hand-edit the commit line.

upstream   git@github.com:mattpocock/skills.git
commit     6acc160e4e0cd062dbbbd7a1b26ae92855edf07e
ref        v1.2.3
pinned_at  2026-08-08
